
Microsoft Visual Studio Solution File, Format Version 12.00
# Visual Studio 15
VisualStudioVersion = 15.0.26430.16
MinimumVisualStudioVersion = 10.0.40219.1
Project("{8BC9CEB8-8B4A-11D0-8D11-00A0C91BC942}") = "DirectUI", "DirectUI\DirectUI.vcxproj", "{42FBCD14-632D-48E5-828A-19278BE94184}"
EndProject
Project("{2150E333-8FDC-42A3-9474-1A3956D46DE8}") = "Examples", "Examples", "{46056F72-CC88-4D5F-8F93-E74AC9998FC0}"
EndProject
Project("{8BC9CEB8-8B4A-11D0-8D11-00A0C91BC942}") = "HelloWorld", "HelloWorld\HelloWorld.vcxproj", "{B95D657E-CCF5-424A-9CFE-2DBBF2175D67}"
EndProject
Project("{8BC9CEB8-8B4A-11D0-8D11-00A0C91BC942}") = "CanvasLayoutDemo", "CanvasLayoutDemo\CanvasLayoutDemo.vcxproj", "{8876F5EC-7DAF-4B5C-9787-FE79D02EC43C}"
EndProject
Project("{8BC9CEB8-8B4A-11D0-8D11-00A0C91BC942}") = "TextDemo", "TextDemo\TextDemo.vcxproj", "{7B7CDA34-2E88-48D7-8E20-7CEC65C8DFE1}"
EndProject
Project("{8BC9CEB8-8B4A-11D0-8D11-00A0C91BC942}") = "HitTesting", "HitTesting\HitTesting.vcxproj", "{571FA848-C61F-4316-89DB-88C3B2CC3736}"
EndProject
Project("{2150E333-8FDC-42A3-9474-1A3956D46DE8}") = "Basic", "Basic", "{54EC50A8-BB7F-4661-80D2-0D25EC118C3F}"
EndProject
Global
	GlobalSection(SolutionConfigurationPlatforms) = preSolution
		Debug|x64 = Debug|x64
		Debug|x86 = Debug|x86
		Release|x64 = Release|x64
		Release|x86 = Release|x86
	EndGlobalSection
	GlobalSection(ProjectConfigurationPlatforms) = postSolution
		{42FBCD14-632D-48E5-828A-19278BE94184}.Debug|x64.ActiveCfg = Debug|x64
		{42FBCD14-632D-48E5-828A-19278BE94184}.Debug|x64.Build.0 = Debug|x64
		{42FBCD14-632D-48E5-828A-19278BE94184}.Debug|x86.ActiveCfg = Debug|Win32
		{42FBCD14-632D-48E5-828A-19278BE94184}.Debug|x86.Build.0 = Debug|Win32
		{42FBCD14-632D-48E5-828A-19278BE94184}.Release|x64.ActiveCfg = Release|x64
		{42FBCD14-632D-48E5-828A-19278BE94184}.Release|x64.Build.0 = Release|x64
		{42FBCD14-632D-48E5-828A-19278BE94184}.Release|x86.ActiveCfg = Release|Win32
		{42FBCD14-632D-48E5-828A-19278BE94184}.Release|x86.Build.0 = Release|Win32
		{B95D657E-CCF5-424A-9CFE-2DBBF2175D67}.Debug|x64.ActiveCfg = Debug|x64
		{B95D657E-CCF5-424A-9CFE-2DBBF2175D67}.Debug|x64.Build.0 = Debug|x64
		{B95D657E-CCF5-424A-9CFE-2DBBF2175D67}.Debug|x86.ActiveCfg = Debug|Win32
		{B95D657E-CCF5-424A-9CFE-2DBBF2175D67}.Debug|x86.Build.0 = Debug|Win32
		{B95D657E-CCF5-424A-9CFE-2DBBF2175D67}.Release|x64.ActiveCfg = Release|x64
		{B95D657E-CCF5-424A-9CFE-2DBBF2175D67}.Release|x64.Build.0 = Release|x64
		{B95D657E-CCF5-424A-9CFE-2DBBF2175D67}.Release|x86.ActiveCfg = Release|Win32
		{B95D657E-CCF5-424A-9CFE-2DBBF2175D67}.Release|x86.Build.0 = Release|Win32
		{8876F5EC-7DAF-4B5C-9787-FE79D02EC43C}.Debug|x64.ActiveCfg = Debug|x64
		{8876F5EC-7DAF-4B5C-9787-FE79D02EC43C}.Debug|x64.Build.0 = Debug|x64
		{8876F5EC-7DAF-4B5C-9787-FE79D02EC43C}.Debug|x86.ActiveCfg = Debug|Win32
		{8876F5EC-7DAF-4B5C-9787-FE79D02EC43C}.Debug|x86.Build.0 = Debug|Win32
		{8876F5EC-7DAF-4B5C-9787-FE79D02EC43C}.Release|x64.ActiveCfg = Release|x64
		{8876F5EC-7DAF-4B5C-9787-FE79D02EC43C}.Release|x64.Build.0 = Release|x64
		{8876F5EC-7DAF-4B5C-9787-FE79D02EC43C}.Release|x86.ActiveCfg = Release|Win32
		{8876F5EC-7DAF-4B5C-9787-FE79D02EC43C}.Release|x86.Build.0 = Release|Win32
		{7B7CDA34-2E88-48D7-8E20-7CEC65C8DFE1}.Debug|x64.ActiveCfg = Debug|x64
		{7B7CDA34-2E88-48D7-8E20-7CEC65C8DFE1}.Debug|x64.Build.0 = Debug|x64
		{7B7CDA34-2E88-48D7-8E20-7CEC65C8DFE1}.Debug|x86.ActiveCfg = Debug|Win32
		{7B7CDA34-2E88-48D7-8E20-7CEC65C8DFE1}.Debug|x86.Build.0 = Debug|Win32
		{7B7CDA34-2E88-48D7-8E20-7CEC65C8DFE1}.Release|x64.ActiveCfg = Release|x64
		{7B7CDA34-2E88-48D7-8E20-7CEC65C8DFE1}.Release|x64.Build.0 = Release|x64
		{7B7CDA34-2E88-48D7-8E20-7CEC65C8DFE1}.Release|x86.ActiveCfg = Release|Win32
		{7B7CDA34-2E88-48D7-8E20-7CEC65C8DFE1}.Release|x86.Build.0 = Release|Win32
		{571FA848-C61F-4316-89DB-88C3B2CC3736}.Debug|x64.ActiveCfg = Debug|x64
		{571FA848-C61F-4316-89DB-88C3B2CC3736}.Debug|x64.Build.0 = Debug|x64
		{571FA848-C61F-4316-89DB-88C3B2CC3736}.Debug|x86.ActiveCfg = Debug|Win32
		{571FA848-C61F-4316-89DB-88C3B2CC3736}.Debug|x86.Build.0 = Debug|Win32
		{571FA848-C61F-4316-89DB-88C3B2CC3736}.Release|x64.ActiveCfg = Release|x64
		{571FA848-C61F-4316-89DB-88C3B2CC3736}.Release|x64.Build.0 = Release|x64
		{571FA848-C61F-4316-89DB-88C3B2CC3736}.Release|x86.ActiveCfg = Release|Win32
		{571FA848-C61F-4316-89DB-88C3B2CC3736}.Release|x86.Build.0 = Release|Win32
	EndGlobalSection
	GlobalSection(SolutionProperties) = preSolution
		HideSolutionNode = FALSE
	EndGlobalSection
	GlobalSection(NestedProjects) = preSolution
		{B95D657E-CCF5-424A-9CFE-2DBBF2175D67} = {54EC50A8-BB7F-4661-80D2-0D25EC118C3F}
		{8876F5EC-7DAF-4B5C-9787-FE79D02EC43C} = {54EC50A8-BB7F-4661-80D2-0D25EC118C3F}
		{7B7CDA34-2E88-48D7-8E20-7CEC65C8DFE1} = {54EC50A8-BB7F-4661-80D2-0D25EC118C3F}
		{571FA848-C61F-4316-89DB-88C3B2CC3736} = {54EC50A8-BB7F-4661-80D2-0D25EC118C3F}
		{54EC50A8-BB7F-4661-80D2-0D25EC118C3F} = {46056F72-CC88-4D5F-8F93-E74AC9998FC0}
	EndGlobalSection
EndGlobal
